
Microsoft Visual Studio Solution File, Format Version 12.00
# Visual Studio Version 16
VisualStudioVersion = 16.0.29215.179
MinimumVisualStudioVersion = 10.0.40219.1
Project("{2150E333-8FDC-42A3-9474-1A3956D46DE8}") = "src", "src", "{F06C16D8-3CB0-45C7-BC44-EDB4EE4EDBA7}"
EndProject
Project("{2150E333-8FDC-42A3-9474-1A3956D46DE8}") = "Solution Items", "Solution Items", "{2BD185BD-B9BE-4E93-87EE-D45C505E6E11}"
	ProjectSection(SolutionItems) = preProject
		.gitignore = .gitignore
		CHANGELOG.md = CHANGELOG.md
		LICENSE = LICENSE
		.github\workflows\netcorelibrary.yml = .github\workflows\netcorelibrary.yml
		README.md = README.md
	EndProjectSection
EndProject
Project("{9A19103F-16F7-4668-BE54-9A1E7A4F7556}") = "RabbitMQCoreClient", "src\RabbitMQCoreClient\RabbitMQCoreClient.csproj", "{CE80F1BF-A85A-4282-B461-174A086985F5}"
EndProject
Project("{9A19103F-16F7-4668-BE54-9A1E7A4F7556}") = "RabbitMQCoreClient.Tests", "src\RabbitMQCoreClient.Tests\RabbitMQCoreClient.Tests.csproj", "{B35BE626-60CC-4EAC-90FB-422885DC3506}"
EndProject
Project("{9A19103F-16F7-4668-BE54-9A1E7A4F7556}") = "RabbitMQCoreClient.ConsoleClient", "samples\RabbitMQCoreClient.ConsoleClient\RabbitMQCoreClient.ConsoleClient.csproj", "{5925B853-0BC5-48D8-86DE-43943E5943D3}"
EndProject
Project("{2150E333-8FDC-42A3-9474-1A3956D46DE8}") = "samples", "samples", "{1393D7D2-3B09-49BF-A616-B25D1365E58B}"
EndProject
Project("{9A19103F-16F7-4668-BE54-9A1E7A4F7556}") = "RabbitMQCoreClient.WebApp", "samples\RabbitMQCoreClient.WebApp\RabbitMQCoreClient.WebApp.csproj", "{E2A1AB4C-6E1E-455B-A713-4EE5D60C1A6B}"
EndProject
Global
	GlobalSection(SolutionConfigurationPlatforms) = preSolution
		Debug|Any CPU = Debug|Any CPU
		Release|Any CPU = Release|Any CPU
	EndGlobalSection
	GlobalSection(ProjectConfigurationPlatforms) = postSolution
		{CE80F1BF-A85A-4282-B461-174A086985F5}.Debug|Any CPU.ActiveCfg = Debug|Any CPU
		{CE80F1BF-A85A-4282-B461-174A086985F5}.Debug|Any CPU.Build.0 = Debug|Any CPU
		{CE80F1BF-A85A-4282-B461-174A086985F5}.Release|Any CPU.ActiveCfg = Release|Any CPU
		{CE80F1BF-A85A-4282-B461-174A086985F5}.Release|Any CPU.Build.0 = Release|Any CPU
		{B35BE626-60CC-4EAC-90FB-422885DC3506}.Debug|Any CPU.ActiveCfg = Debug|Any CPU
		{B35BE626-60CC-4EAC-90FB-422885DC3506}.Debug|Any CPU.Build.0 = Debug|Any CPU
		{B35BE626-60CC-4EAC-90FB-422885DC3506}.Release|Any CPU.ActiveCfg = Release|Any CPU
		{B35BE626-60CC-4EAC-90FB-422885DC3506}.Release|Any CPU.Build.0 = Release|Any CPU
		{5925B853-0BC5-48D8-86DE-43943E5943D3}.Debug|Any CPU.ActiveCfg = Debug|Any CPU
		{5925B853-0BC5-48D8-86DE-43943E5943D3}.Debug|Any CPU.Build.0 = Debug|Any CPU
		{5925B853-0BC5-48D8-86DE-43943E5943D3}.Release|Any CPU.ActiveCfg = Release|Any CPU
		{5925B853-0BC5-48D8-86DE-43943E5943D3}.Release|Any CPU.Build.0 = Release|Any CPU
		{E2A1AB4C-6E1E-455B-A713-4EE5D60C1A6B}.Debug|Any CPU.ActiveCfg = Debug|Any CPU
		{E2A1AB4C-6E1E-455B-A713-4EE5D60C1A6B}.Debug|Any CPU.Build.0 = Debug|Any CPU
		{E2A1AB4C-6E1E-455B-A713-4EE5D60C1A6B}.Release|Any CPU.ActiveCfg = Release|Any CPU
		{E2A1AB4C-6E1E-455B-A713-4EE5D60C1A6B}.Release|Any CPU.Build.0 = Release|Any CPU
	EndGlobalSection
	GlobalSection(SolutionProperties) = preSolution
		HideSolutionNode = FALSE
	EndGlobalSection
	GlobalSection(NestedProjects) = preSolution
		{CE80F1BF-A85A-4282-B461-174A086985F5} = {F06C16D8-3CB0-45C7-BC44-EDB4EE4EDBA7}
		{B35BE626-60CC-4EAC-90FB-422885DC3506} = {F06C16D8-3CB0-45C7-BC44-EDB4EE4EDBA7}
		{5925B853-0BC5-48D8-86DE-43943E5943D3} = {1393D7D2-3B09-49BF-A616-B25D1365E58B}
		{E2A1AB4C-6E1E-455B-A713-4EE5D60C1A6B} = {1393D7D2-3B09-49BF-A616-B25D1365E58B}
	EndGlobalSection
	GlobalSection(ExtensibilityGlobals) = postSolution
		SolutionGuid = {4CC19D97-DE19-4541-802F-F841284C47C7}
	EndGlobalSection
EndGlobal
